
Microsoft Visual Studio Solution File, Format Version 12.00
# Visual Studio Version 17
VisualStudioVersion = 17.6.33801.468
MinimumVisualStudioVersion = 10.0.40219.1
Project("{9A19103F-16F7-4668-BE54-9A1E7A4F7556}") = "WeatherCheck.WebApi", "WeatherCheck.WebApi\WeatherCheck.WebApi.csproj", "{B021FE6A-C402-46F9-A683-4984669B0596}"
	ProjectSection(ProjectDependencies) = postProject
		{2A66E429-9238-49E1-B34B-C2252F31F14C} = {2A66E429-9238-49E1-B34B-C2252F31F14C}
	EndProjectSection
EndProject
Project("{2150E333-8FDC-42A3-9474-1A3956D46DE8}") = "Security", "Security", "{FDFEB4DD-02A6-4F32-AA3B-758F4EA27893}"
EndProject
Project("{2150E333-8FDC-42A3-9474-1A3956D46DE8}") = "Common", "Common", "{826D4E23-1DB6-4E57-90F9-EDE5373AC09B}"
EndProject
Project("{FAE04EC0-301F-11D3-BF4B-00C04F79EFBC}") = "Common.Business", "Common.Business\Common.Business.csproj", "{4D37B19A-EEBE-43DD-9C8D-520FDD1CB7FD}"
EndProject
Project("{FAE04EC0-301F-11D3-BF4B-00C04F79EFBC}") = "Security.Business", "Security.Business\Security.Business.csproj", "{B6E80484-147C-4439-95AE-3EF33558090D}"
EndProject
Project("{FAE04EC0-301F-11D3-BF4B-00C04F79EFBC}") = "Security.Entities", "Security.Entities\Security.Entities.csproj", "{24891616-EAEA-4D49-A41E-35144D672050}"
EndProject
Project("{2150E333-8FDC-42A3-9474-1A3956D46DE8}") = "Data", "Data", "{210A9C59-DA86-456D-87FE-6E4DB3DF3F0B}"
EndProject
Project("{FAE04EC0-301F-11D3-BF4B-00C04F79EFBC}") = "Data.EFCore", "Data.EFCore\Data.EFCore.csproj", "{C7938306-F377-426B-B9CB-0E2F44833C77}"
EndProject
Project("{FAE04EC0-301F-11D3-BF4B-00C04F79EFBC}") = "WeatherCheck.Entities", "WeatherCheck.Entities\WeatherCheck.Entities.csproj", "{4DFDD55D-81CB-4DCD-ADD0-BFCC93EF1A28}"
EndProject
Project("{FAE04EC0-301F-11D3-BF4B-00C04F79EFBC}") = "Security.Data", "Security.Data\Security.Data.csproj", "{35E9887C-1D7A-4B83-AF5A-4682D9566E31}"
EndProject
Project("{2150E333-8FDC-42A3-9474-1A3956D46DE8}") = "WeatherCheck", "WeatherCheck", "{A86EFF76-53ED-4130-A115-177B2A0F651F}"
EndProject
Project("{FAE04EC0-301F-11D3-BF4B-00C04F79EFBC}") = "WeatherCheck.Business", "WeatherCheck.Business\WeatherCheck.Business.csproj", "{2A66E429-9238-49E1-B34B-C2252F31F14C}"
	ProjectSection(ProjectDependencies) = postProject
		{4D37B19A-EEBE-43DD-9C8D-520FDD1CB7FD} = {4D37B19A-EEBE-43DD-9C8D-520FDD1CB7FD}
		{4DFDD55D-81CB-4DCD-ADD0-BFCC93EF1A28} = {4DFDD55D-81CB-4DCD-ADD0-BFCC93EF1A28}
		{526DA59E-B710-43B9-BD86-CA9D8417DE9C} = {526DA59E-B710-43B9-BD86-CA9D8417DE9C}
	EndProjectSection
EndProject
Project("{FAE04EC0-301F-11D3-BF4B-00C04F79EFBC}") = "WeatherCheck.Data", "WeatherCheck.Data\WeatherCheck.Data.csproj", "{526DA59E-B710-43B9-BD86-CA9D8417DE9C}"
	ProjectSection(ProjectDependencies) = postProject
		{4DFDD55D-81CB-4DCD-ADD0-BFCC93EF1A28} = {4DFDD55D-81CB-4DCD-ADD0-BFCC93EF1A28}
		{C7938306-F377-426B-B9CB-0E2F44833C77} = {C7938306-F377-426B-B9CB-0E2F44833C77}
	EndProjectSection
EndProject
Project("{FAE04EC0-301F-11D3-BF4B-00C04F79EFBC}") = "Common.Entities", "Common.Entities\Common.Entities.csproj", "{EBDEF2A7-0B4A-40A9-AFB9-00B636F8BE74}"
EndProject
Project("{FAE04EC0-301F-11D3-BF4B-00C04F79EFBC}") = "Common.Web", "Common.Web\Common.Web.csproj", "{281AF25F-6336-47D3-A475-4BCB50B5E3CC}"
EndProject
Project("{FAE04EC0-301F-11D3-BF4B-00C04F79EFBC}") = "WeatherCheck.Data.EFCore", "WeatherCheck.Data.EFCore\WeatherCheck.Data.EFCore.csproj", "{C6C9C87E-2460-470B-84CC-E27DD0AEF9E4}"
EndProject
Project("{FAE04EC0-301F-11D3-BF4B-00C04F79EFBC}") = "Security.Data.EFCore", "Security.Data.EFCore\Security.Data.EFCore.csproj", "{430467D1-9E8D-4CEC-B658-5890A180EDF5}"
EndProject
Project("{FAE04EC0-301F-11D3-BF4B-00C04F79EFBC}") = "Security.Data.Mock", "Security.Data.Mock\Security.Data.Mock.csproj", "{BCD47570-F370-456E-986D-4D0C2BD99B3C}"
EndProject
Project("{FAE04EC0-301F-11D3-BF4B-00C04F79EFBC}") = "WeatherCheck.Data.Mock", "WeatherCheck.Data.Mock\WeatherCheck.Data.Mock.csproj", "{84BF8690-F3DF-4F21-AE51-F74BAFB966A0}"
EndProject
Project("{FAE04EC0-301F-11D3-BF4B-00C04F79EFBC}") = "Testing", "Testing\Testing.csproj", "{8527A8D4-12C6-4B2E-BD6F-56C93B1B77A3}"
EndProject
Global
	GlobalSection(SolutionConfigurationPlatforms) = preSolution
		Debug|Any CPU = Debug|Any CPU
		Release|Any CPU = Release|Any CPU
	EndGlobalSection
	GlobalSection(ProjectConfigurationPlatforms) = postSolution
		{B021FE6A-C402-46F9-A683-4984669B0596}.Debug|Any CPU.ActiveCfg = Debug|Any CPU
		{B021FE6A-C402-46F9-A683-4984669B0596}.Debug|Any CPU.Build.0 = Debug|Any CPU
		{B021FE6A-C402-46F9-A683-4984669B0596}.Release|Any CPU.ActiveCfg = Release|Any CPU
		{B021FE6A-C402-46F9-A683-4984669B0596}.Release|Any CPU.Build.0 = Release|Any CPU
		{4D37B19A-EEBE-43DD-9C8D-520FDD1CB7FD}.Debug|Any CPU.ActiveCfg = Debug|Any CPU
		{4D37B19A-EEBE-43DD-9C8D-520FDD1CB7FD}.Debug|Any CPU.Build.0 = Debug|Any CPU
		{4D37B19A-EEBE-43DD-9C8D-520FDD1CB7FD}.Release|Any CPU.ActiveCfg = Release|Any CPU
		{4D37B19A-EEBE-43DD-9C8D-520FDD1CB7FD}.Release|Any CPU.Build.0 = Release|Any CPU
		{B6E80484-147C-4439-95AE-3EF33558090D}.Debug|Any CPU.ActiveCfg = Debug|Any CPU
		{B6E80484-147C-4439-95AE-3EF33558090D}.Debug|Any CPU.Build.0 = Debug|Any CPU
		{B6E80484-147C-4439-95AE-3EF33558090D}.Release|Any CPU.ActiveCfg = Release|Any CPU
		{B6E80484-147C-4439-95AE-3EF33558090D}.Release|Any CPU.Build.0 = Release|Any CPU
		{24891616-EAEA-4D49-A41E-35144D672050}.Debug|Any CPU.ActiveCfg = Debug|Any CPU
		{24891616-EAEA-4D49-A41E-35144D672050}.Debug|Any CPU.Build.0 = Debug|Any CPU
		{24891616-EAEA-4D49-A41E-35144D672050}.Release|Any CPU.ActiveCfg = Release|Any CPU
		{24891616-EAEA-4D49-A41E-35144D672050}.Release|Any CPU.Build.0 = Release|Any CPU
		{C7938306-F377-426B-B9CB-0E2F44833C77}.Debug|Any CPU.ActiveCfg = Debug|Any CPU
		{C7938306-F377-426B-B9CB-0E2F44833C77}.Debug|Any CPU.Build.0 = Debug|Any CPU
		{C7938306-F377-426B-B9CB-0E2F44833C77}.Release|Any CPU.ActiveCfg = Release|Any CPU
		{C7938306-F377-426B-B9CB-0E2F44833C77}.Release|Any CPU.Build.0 = Release|Any CPU
		{4DFDD55D-81CB-4DCD-ADD0-BFCC93EF1A28}.Debug|Any CPU.ActiveCfg = Debug|Any CPU
		{4DFDD55D-81CB-4DCD-ADD0-BFCC93EF1A28}.Debug|Any CPU.Build.0 = Debug|Any CPU
		{4DFDD55D-81CB-4DCD-ADD0-BFCC93EF1A28}.Release|Any CPU.ActiveCfg = Release|Any CPU
		{4DFDD55D-81CB-4DCD-ADD0-BFCC93EF1A28}.Release|Any CPU.Build.0 = Release|Any CPU
		{35E9887C-1D7A-4B83-AF5A-4682D9566E31}.Debug|Any CPU.ActiveCfg = Debug|Any CPU
		{35E9887C-1D7A-4B83-AF5A-4682D9566E31}.Debug|Any CPU.Build.0 = Debug|Any CPU
		{35E9887C-1D7A-4B83-AF5A-4682D9566E31}.Release|Any CPU.ActiveCfg = Release|Any CPU
		{35E9887C-1D7A-4B83-AF5A-4682D9566E31}.Release|Any CPU.Build.0 = Release|Any CPU
		{2A66E429-9238-49E1-B34B-C2252F31F14C}.Debug|Any CPU.ActiveCfg = Debug|Any CPU
		{2A66E429-9238-49E1-B34B-C2252F31F14C}.Debug|Any CPU.Build.0 = Debug|Any CPU
		{2A66E429-9238-49E1-B34B-C2252F31F14C}.Release|Any CPU.ActiveCfg = Release|Any CPU
		{2A66E429-9238-49E1-B34B-C2252F31F14C}.Release|Any CPU.Build.0 = Release|Any CPU
		{526DA59E-B710-43B9-BD86-CA9D8417DE9C}.Debug|Any CPU.ActiveCfg = Debug|Any CPU
		{526DA59E-B710-43B9-BD86-CA9D8417DE9C}.Debug|Any CPU.Build.0 = Debug|Any CPU
		{526DA59E-B710-43B9-BD86-CA9D8417DE9C}.Release|Any CPU.ActiveCfg = Release|Any CPU
		{526DA59E-B710-43B9-BD86-CA9D8417DE9C}.Release|Any CPU.Build.0 = Release|Any CPU
		{EBDEF2A7-0B4A-40A9-AFB9-00B636F8BE74}.Debug|Any CPU.ActiveCfg = Debug|Any CPU
		{EBDEF2A7-0B4A-40A9-AFB9-00B636F8BE74}.Debug|Any CPU.Build.0 = Debug|Any CPU
		{EBDEF2A7-0B4A-40A9-AFB9-00B636F8BE74}.Release|Any CPU.ActiveCfg = Release|Any CPU
		{EBDEF2A7-0B4A-40A9-AFB9-00B636F8BE74}.Release|Any CPU.Build.0 = Release|Any CPU
		{281AF25F-6336-47D3-A475-4BCB50B5E3CC}.Debug|Any CPU.ActiveCfg = Debug|Any CPU
		{281AF25F-6336-47D3-A475-4BCB50B5E3CC}.Debug|Any CPU.Build.0 = Debug|Any CPU
		{281AF25F-6336-47D3-A475-4BCB50B5E3CC}.Release|Any CPU.ActiveCfg = Release|Any CPU
		{281AF25F-6336-47D3-A475-4BCB50B5E3CC}.Release|Any CPU.Build.0 = Release|Any CPU
		{C6C9C87E-2460-470B-84CC-E27DD0AEF9E4}.Debug|Any CPU.ActiveCfg = Debug|Any CPU
		{C6C9C87E-2460-470B-84CC-E27DD0AEF9E4}.Debug|Any CPU.Build.0 = Debug|Any CPU
		{C6C9C87E-2460-470B-84CC-E27DD0AEF9E4}.Release|Any CPU.ActiveCfg = Release|Any CPU
		{C6C9C87E-2460-470B-84CC-E27DD0AEF9E4}.Release|Any CPU.Build.0 = Release|Any CPU
		{430467D1-9E8D-4CEC-B658-5890A180EDF5}.Debug|Any CPU.ActiveCfg = Debug|Any CPU
		{430467D1-9E8D-4CEC-B658-5890A180EDF5}.Debug|Any CPU.Build.0 = Debug|Any CPU
		{430467D1-9E8D-4CEC-B658-5890A180EDF5}.Release|Any CPU.ActiveCfg = Release|Any CPU
		{430467D1-9E8D-4CEC-B658-5890A180EDF5}.Release|Any CPU.Build.0 = Release|Any CPU
		{BCD47570-F370-456E-986D-4D0C2BD99B3C}.Debug|Any CPU.ActiveCfg = Debug|Any CPU
		{BCD47570-F370-456E-986D-4D0C2BD99B3C}.Debug|Any CPU.Build.0 = Debug|Any CPU
		{BCD47570-F370-456E-986D-4D0C2BD99B3C}.Release|Any CPU.ActiveCfg = Release|Any CPU
		{BCD47570-F370-456E-986D-4D0C2BD99B3C}.Release|Any CPU.Build.0 = Release|Any CPU
		{84BF8690-F3DF-4F21-AE51-F74BAFB966A0}.Debug|Any CPU.ActiveCfg = Debug|Any CPU
		{84BF8690-F3DF-4F21-AE51-F74BAFB966A0}.Debug|Any CPU.Build.0 = Debug|Any CPU
		{84BF8690-F3DF-4F21-AE51-F74BAFB966A0}.Release|Any CPU.ActiveCfg = Release|Any CPU
		{84BF8690-F3DF-4F21-AE51-F74BAFB966A0}.Release|Any CPU.Build.0 = Release|Any CPU
		{8527A8D4-12C6-4B2E-BD6F-56C93B1B77A3}.Debug|Any CPU.ActiveCfg = Debug|Any CPU
		{8527A8D4-12C6-4B2E-BD6F-56C93B1B77A3}.Debug|Any CPU.Build.0 = Debug|Any CPU
		{8527A8D4-12C6-4B2E-BD6F-56C93B1B77A3}.Release|Any CPU.ActiveCfg = Release|Any CPU
		{8527A8D4-12C6-4B2E-BD6F-56C93B1B77A3}.Release|Any CPU.Build.0 = Release|Any CPU
	EndGlobalSection
	GlobalSection(SolutionProperties) = preSolution
		HideSolutionNode = FALSE
	EndGlobalSection
	GlobalSection(NestedProjects) = preSolution
		{B021FE6A-C402-46F9-A683-4984669B0596} = {A86EFF76-53ED-4130-A115-177B2A0F651F}
		{4D37B19A-EEBE-43DD-9C8D-520FDD1CB7FD} = {826D4E23-1DB6-4E57-90F9-EDE5373AC09B}
		{B6E80484-147C-4439-95AE-3EF33558090D} = {FDFEB4DD-02A6-4F32-AA3B-758F4EA27893}
		{24891616-EAEA-4D49-A41E-35144D672050} = {FDFEB4DD-02A6-4F32-AA3B-758F4EA27893}
		{C7938306-F377-426B-B9CB-0E2F44833C77} = {210A9C59-DA86-456D-87FE-6E4DB3DF3F0B}
		{4DFDD55D-81CB-4DCD-ADD0-BFCC93EF1A28} = {A86EFF76-53ED-4130-A115-177B2A0F651F}
		{35E9887C-1D7A-4B83-AF5A-4682D9566E31} = {FDFEB4DD-02A6-4F32-AA3B-758F4EA27893}
		{2A66E429-9238-49E1-B34B-C2252F31F14C} = {A86EFF76-53ED-4130-A115-177B2A0F651F}
		{526DA59E-B710-43B9-BD86-CA9D8417DE9C} = {A86EFF76-53ED-4130-A115-177B2A0F651F}
		{EBDEF2A7-0B4A-40A9-AFB9-00B636F8BE74} = {826D4E23-1DB6-4E57-90F9-EDE5373AC09B}
		{281AF25F-6336-47D3-A475-4BCB50B5E3CC} = {826D4E23-1DB6-4E57-90F9-EDE5373AC09B}
		{C6C9C87E-2460-470B-84CC-E27DD0AEF9E4} = {A86EFF76-53ED-4130-A115-177B2A0F651F}
		{430467D1-9E8D-4CEC-B658-5890A180EDF5} = {FDFEB4DD-02A6-4F32-AA3B-758F4EA27893}
		{BCD47570-F370-456E-986D-4D0C2BD99B3C} = {FDFEB4DD-02A6-4F32-AA3B-758F4EA27893}
		{84BF8690-F3DF-4F21-AE51-F74BAFB966A0} = {A86EFF76-53ED-4130-A115-177B2A0F651F}
		{8527A8D4-12C6-4B2E-BD6F-56C93B1B77A3} = {A86EFF76-53ED-4130-A115-177B2A0F651F}
	EndGlobalSection
	GlobalSection(ExtensibilityGlobals) = postSolution
		SolutionGuid = {99DB5EC5-8453-4D31-9D3E-E424E609D536}
	EndGlobalSection
EndGlobal
